
Microsoft Visual Studio Solution File, Format Version 12.00
# Visual Studio 2012
Project("{FAE04EC0-301F-11D3-BF4B-00C04F79EFBC}") = "LifeOS", "LifeOS\LifeOS.csproj", "{B4504D3F-BED7-4B1B-93C1-D7C0B45A5B5B}"
EndProject
Project("{FAE04EC0-301F-11D3-BF4B-00C04F79EFBC}") = "LifeOS.iOS", "iOS\LifeOS.iOS.csproj", "{89BEEDFD-85E4-49A3-A361-3632F0A5EA87}"
EndProject
Project("{FAE04EC0-301F-11D3-BF4B-00C04F79EFBC}") = "LifeOS.Droid", "Droid\LifeOS.Droid.csproj", "{058FB3C5-4D9D-4F59-AE0C-A98304E3A2B1}"
EndProject
Project("{FAE04EC0-301F-11D3-BF4B-00C04F79EFBC}") = "LifeOS.UITests", "UITests\LifeOS.UITests.csproj", "{FF4BF48D-67BB-4BD5-B029-FB896BA33EA0}"
EndProject
Project("{FAE04EC0-301F-11D3-BF4B-00C04F79EFBC}") = "LifeOS.NUnit", "LifeOS.NUnit\LifeOS.NUnit.csproj", "{FB206D9B-3044-4806-81B6-31B1F053D5EF}"
EndProject
Global
	GlobalSection(SolutionConfigurationPlatforms) = preSolution
		Debug|Any CPU = Debug|Any CPU
		Release|Any CPU = Release|Any CPU
		Debug|iPhoneSimulator = Debug|iPhoneSimulator
		Release|iPhone = Release|iPhone
		Release|iPhoneSimulator = Release|iPhoneSimulator
		Debug|iPhone = Debug|iPhone
	EndGlobalSection
	GlobalSection(ProjectConfigurationPlatforms) = postSolution
		{058FB3C5-4D9D-4F59-AE0C-A98304E3A2B1}.Debug|Any CPU.ActiveCfg = Debug|Any CPU
		{058FB3C5-4D9D-4F59-AE0C-A98304E3A2B1}.Debug|Any CPU.Build.0 = Debug|Any CPU
		{058FB3C5-4D9D-4F59-AE0C-A98304E3A2B1}.Debug|iPhone.ActiveCfg = Debug|Any CPU
		{058FB3C5-4D9D-4F59-AE0C-A98304E3A2B1}.Debug|iPhone.Build.0 = Debug|Any CPU
		{058FB3C5-4D9D-4F59-AE0C-A98304E3A2B1}.Debug|iPhoneSimulator.ActiveCfg = Debug|Any CPU
		{058FB3C5-4D9D-4F59-AE0C-A98304E3A2B1}.Debug|iPhoneSimulator.Build.0 = Debug|Any CPU
		{058FB3C5-4D9D-4F59-AE0C-A98304E3A2B1}.Release|Any CPU.ActiveCfg = Release|Any CPU
		{058FB3C5-4D9D-4F59-AE0C-A98304E3A2B1}.Release|Any CPU.Build.0 = Release|Any CPU
		{058FB3C5-4D9D-4F59-AE0C-A98304E3A2B1}.Release|iPhone.ActiveCfg = Release|Any CPU
		{058FB3C5-4D9D-4F59-AE0C-A98304E3A2B1}.Release|iPhone.Build.0 = Release|Any CPU
		{058FB3C5-4D9D-4F59-AE0C-A98304E3A2B1}.Release|iPhoneSimulator.ActiveCfg = Release|Any CPU
		{058FB3C5-4D9D-4F59-AE0C-A98304E3A2B1}.Release|iPhoneSimulator.Build.0 = Release|Any CPU
		{89BEEDFD-85E4-49A3-A361-3632F0A5EA87}.Debug|Any CPU.ActiveCfg = Debug|iPhoneSimulator
		{89BEEDFD-85E4-49A3-A361-3632F0A5EA87}.Debug|Any CPU.Build.0 = Debug|iPhoneSimulator
		{89BEEDFD-85E4-49A3-A361-3632F0A5EA87}.Debug|iPhone.ActiveCfg = Debug|iPhone
		{89BEEDFD-85E4-49A3-A361-3632F0A5EA87}.Debug|iPhone.Build.0 = Debug|iPhone
		{89BEEDFD-85E4-49A3-A361-3632F0A5EA87}.Debug|iPhoneSimulator.ActiveCfg = Debug|iPhoneSimulator
		{89BEEDFD-85E4-49A3-A361-3632F0A5EA87}.Debug|iPhoneSimulator.Build.0 = Debug|iPhoneSimulator
		{89BEEDFD-85E4-49A3-A361-3632F0A5EA87}.Release|Any CPU.ActiveCfg = Release|iPhone
		{89BEEDFD-85E4-49A3-A361-3632F0A5EA87}.Release|Any CPU.Build.0 = Release|iPhone
		{89BEEDFD-85E4-49A3-A361-3632F0A5EA87}.Release|iPhone.ActiveCfg = Release|iPhone
		{89BEEDFD-85E4-49A3-A361-3632F0A5EA87}.Release|iPhone.Build.0 = Release|iPhone
		{89BEEDFD-85E4-49A3-A361-3632F0A5EA87}.Release|iPhoneSimulator.ActiveCfg = Release|iPhoneSimulator
		{89BEEDFD-85E4-49A3-A361-3632F0A5EA87}.Release|iPhoneSimulator.Build.0 = Release|iPhoneSimulator
		{B4504D3F-BED7-4B1B-93C1-D7C0B45A5B5B}.Debug|Any CPU.ActiveCfg = Debug|Any CPU
		{B4504D3F-BED7-4B1B-93C1-D7C0B45A5B5B}.Debug|Any CPU.Build.0 = Debug|Any CPU
		{B4504D3F-BED7-4B1B-93C1-D7C0B45A5B5B}.Debug|iPhone.ActiveCfg = Debug|Any CPU
		{B4504D3F-BED7-4B1B-93C1-D7C0B45A5B5B}.Debug|iPhone.Build.0 = Debug|Any CPU
		{B4504D3F-BED7-4B1B-93C1-D7C0B45A5B5B}.Debug|iPhoneSimulator.ActiveCfg = Debug|Any CPU
		{B4504D3F-BED7-4B1B-93C1-D7C0B45A5B5B}.Debug|iPhoneSimulator.Build.0 = Debug|Any CPU
		{B4504D3F-BED7-4B1B-93C1-D7C0B45A5B5B}.Release|Any CPU.ActiveCfg = Release|Any CPU
		{B4504D3F-BED7-4B1B-93C1-D7C0B45A5B5B}.Release|Any CPU.Build.0 = Release|Any CPU
		{B4504D3F-BED7-4B1B-93C1-D7C0B45A5B5B}.Release|iPhone.ActiveCfg = Release|Any CPU
		{B4504D3F-BED7-4B1B-93C1-D7C0B45A5B5B}.Release|iPhone.Build.0 = Release|Any CPU
		{B4504D3F-BED7-4B1B-93C1-D7C0B45A5B5B}.Release|iPhoneSimulator.ActiveCfg = Release|Any CPU
		{B4504D3F-BED7-4B1B-93C1-D7C0B45A5B5B}.Release|iPhoneSimulator.Build.0 = Release|Any CPU
		{FB206D9B-3044-4806-81B6-31B1F053D5EF}.Debug|Any CPU.ActiveCfg = Debug|Any CPU
		{FB206D9B-3044-4806-81B6-31B1F053D5EF}.Debug|Any CPU.Build.0 = Debug|Any CPU
		{FB206D9B-3044-4806-81B6-31B1F053D5EF}.Debug|iPhone.ActiveCfg = Debug|Any CPU
		{FB206D9B-3044-4806-81B6-31B1F053D5EF}.Debug|iPhone.Build.0 = Debug|Any CPU
		{FB206D9B-3044-4806-81B6-31B1F053D5EF}.Debug|iPhoneSimulator.ActiveCfg = Debug|Any CPU
		{FB206D9B-3044-4806-81B6-31B1F053D5EF}.Debug|iPhoneSimulator.Build.0 = Debug|Any CPU
		{FB206D9B-3044-4806-81B6-31B1F053D5EF}.Release|Any CPU.ActiveCfg = Release|Any CPU
		{FB206D9B-3044-4806-81B6-31B1F053D5EF}.Release|Any CPU.Build.0 = Release|Any CPU
		{FB206D9B-3044-4806-81B6-31B1F053D5EF}.Release|iPhone.ActiveCfg = Release|Any CPU
		{FB206D9B-3044-4806-81B6-31B1F053D5EF}.Release|iPhone.Build.0 = Release|Any CPU
		{FB206D9B-3044-4806-81B6-31B1F053D5EF}.Release|iPhoneSimulator.ActiveCfg = Release|Any CPU
		{FB206D9B-3044-4806-81B6-31B1F053D5EF}.Release|iPhoneSimulator.Build.0 = Release|Any CPU
		{FF4BF48D-67BB-4BD5-B029-FB896BA33EA0}.Debug|Any CPU.ActiveCfg = Debug|Any CPU
		{FF4BF48D-67BB-4BD5-B029-FB896BA33EA0}.Debug|Any CPU.Build.0 = Debug|Any CPU
		{FF4BF48D-67BB-4BD5-B029-FB896BA33EA0}.Debug|iPhone.ActiveCfg = Debug|Any CPU
		{FF4BF48D-67BB-4BD5-B029-FB896BA33EA0}.Debug|iPhone.Build.0 = Debug|Any CPU
		{FF4BF48D-67BB-4BD5-B029-FB896BA33EA0}.Debug|iPhoneSimulator.ActiveCfg = Debug|Any CPU
		{FF4BF48D-67BB-4BD5-B029-FB896BA33EA0}.Debug|iPhoneSimulator.Build.0 = Debug|Any CPU
		{FF4BF48D-67BB-4BD5-B029-FB896BA33EA0}.Release|Any CPU.ActiveCfg = Release|Any CPU
		{FF4BF48D-67BB-4BD5-B029-FB896BA33EA0}.Release|Any CPU.Build.0 = Release|Any CPU
		{FF4BF48D-67BB-4BD5-B029-FB896BA33EA0}.Release|iPhone.ActiveCfg = Release|Any CPU
		{FF4BF48D-67BB-4BD5-B029-FB896BA33EA0}.Release|iPhone.Build.0 = Release|Any CPU
		{FF4BF48D-67BB-4BD5-B029-FB896BA33EA0}.Release|iPhoneSimulator.ActiveCfg = Release|Any CPU
		{FF4BF48D-67BB-4BD5-B029-FB896BA33EA0}.Release|iPhoneSimulator.Build.0 = Release|Any CPU
	EndGlobalSection
EndGlobal
